
Microsoft Visual Studio Solution File, Format Version 12.00
# Visual Studio Version 17
VisualStudioVersion = 17.0.31903.59
MinimumVisualStudioVersion = 10.0.40219.1
Project("{2150E333-8FDC-42A3-9474-1A3956D46DE8}") = "src", "src", "{CF1DE2D1-EDC2-4019-8154-0DE6072E7C45}"
EndProject
Project("{FAE04EC0-301F-11D3-BF4B-00C04F79EFBC}") = "Web", "src\Web\Web.csproj", "{58649CE8-8616-439D-9596-86A6375CF0B7}"
EndProject
Project("{FAE04EC0-301F-11D3-BF4B-00C04F79EFBC}") = "Domain", "src\Domain\Domain.csproj", "{3F947FFB-F100-40DA-A7CE-7661E57A7542}"
EndProject
Project("{FAE04EC0-301F-11D3-BF4B-00C04F79EFBC}") = "Infrastructure", "src\Infrastructure\Infrastructure.csproj", "{13844F65-93AC-46F1-8495-5AF0BC84C0E2}"
EndProject
Project("{FAE04EC0-301F-11D3-BF4B-00C04F79EFBC}") = "Application", "src\Application\Application.csproj", "{EBC87EB2-DA4F-47B8-A954-2A910D6145FB}"
EndProject
Project("{2150E333-8FDC-42A3-9474-1A3956D46DE8}") = "test", "test", "{BAB3C505-BFE2-4A7C-BDDE-89758C9AA814}"
EndProject
Project("{FAE04EC0-301F-11D3-BF4B-00C04F79EFBC}") = "Web.UnitTests", "test\Web.UnitTests\Web.UnitTests.csproj", "{74DE4F33-802C-4FD7-A82F-71B7F4306869}"
EndProject
Project("{FAE04EC0-301F-11D3-BF4B-00C04F79EFBC}") = "Infrastructure.UnitTests", "test\Infrastructure.UnitTests\Infrastructure.UnitTests.csproj", "{E2F204DC-19E8-42E1-8AB0-6EC283E51331}"
EndProject
Project("{FAE04EC0-301F-11D3-BF4B-00C04F79EFBC}") = "Application.UnitTests", "test\Application.UnitTests\Application.UnitTests.csproj", "{E4FE3123-1295-4723-B5A5-8E6931F8AB3A}"
EndProject
Project("{FAE04EC0-301F-11D3-BF4B-00C04F79EFBC}") = "Web.IntegrationTests", "test\Web.IntegrationTests\Web.IntegrationTests.csproj", "{7EC4C645-EDE2-4422-92D0-FEB407DC8B8A}"
EndProject
Global
	GlobalSection(SolutionConfigurationPlatforms) = preSolution
		Debug|Any CPU = Debug|Any CPU
		Release|Any CPU = Release|Any CPU
	EndGlobalSection
	GlobalSection(SolutionProperties) = preSolution
		HideSolutionNode = FALSE
	EndGlobalSection
	GlobalSection(ProjectConfigurationPlatforms) = postSolution
		{58649CE8-8616-439D-9596-86A6375CF0B7}.Debug|Any CPU.ActiveCfg = Debug|Any CPU
		{58649CE8-8616-439D-9596-86A6375CF0B7}.Debug|Any CPU.Build.0 = Debug|Any CPU
		{58649CE8-8616-439D-9596-86A6375CF0B7}.Release|Any CPU.ActiveCfg = Release|Any CPU
		{58649CE8-8616-439D-9596-86A6375CF0B7}.Release|Any CPU.Build.0 = Release|Any CPU
		{3F947FFB-F100-40DA-A7CE-7661E57A7542}.Debug|Any CPU.ActiveCfg = Debug|Any CPU
		{3F947FFB-F100-40DA-A7CE-7661E57A7542}.Debug|Any CPU.Build.0 = Debug|Any CPU
		{3F947FFB-F100-40DA-A7CE-7661E57A7542}.Release|Any CPU.ActiveCfg = Release|Any CPU
		{3F947FFB-F100-40DA-A7CE-7661E57A7542}.Release|Any CPU.Build.0 = Release|Any CPU
		{13844F65-93AC-46F1-8495-5AF0BC84C0E2}.Debug|Any CPU.ActiveCfg = Debug|Any CPU
		{13844F65-93AC-46F1-8495-5AF0BC84C0E2}.Debug|Any CPU.Build.0 = Debug|Any CPU
		{13844F65-93AC-46F1-8495-5AF0BC84C0E2}.Release|Any CPU.ActiveCfg = Release|Any CPU
		{13844F65-93AC-46F1-8495-5AF0BC84C0E2}.Release|Any CPU.Build.0 = Release|Any CPU
		{EBC87EB2-DA4F-47B8-A954-2A910D6145FB}.Debug|Any CPU.ActiveCfg = Debug|Any CPU
		{EBC87EB2-DA4F-47B8-A954-2A910D6145FB}.Debug|Any CPU.Build.0 = Debug|Any CPU
		{EBC87EB2-DA4F-47B8-A954-2A910D6145FB}.Release|Any CPU.ActiveCfg = Release|Any CPU
		{EBC87EB2-DA4F-47B8-A954-2A910D6145FB}.Release|Any CPU.Build.0 = Release|Any CPU
		{74DE4F33-802C-4FD7-A82F-71B7F4306869}.Debug|Any CPU.ActiveCfg = Debug|Any CPU
		{74DE4F33-802C-4FD7-A82F-71B7F4306869}.Debug|Any CPU.Build.0 = Debug|Any CPU
		{74DE4F33-802C-4FD7-A82F-71B7F4306869}.Release|Any CPU.ActiveCfg = Release|Any CPU
		{74DE4F33-802C-4FD7-A82F-71B7F4306869}.Release|Any CPU.Build.0 = Release|Any CPU
		{E2F204DC-19E8-42E1-8AB0-6EC283E51331}.Debug|Any CPU.ActiveCfg = Debug|Any CPU
		{E2F204DC-19E8-42E1-8AB0-6EC283E51331}.Debug|Any CPU.Build.0 = Debug|Any CPU
		{E2F204DC-19E8-42E1-8AB0-6EC283E51331}.Release|Any CPU.ActiveCfg = Release|Any CPU
		{E2F204DC-19E8-42E1-8AB0-6EC283E51331}.Release|Any CPU.Build.0 = Release|Any CPU
		{E4FE3123-1295-4723-B5A5-8E6931F8AB3A}.Debug|Any CPU.ActiveCfg = Debug|Any CPU
		{E4FE3123-1295-4723-B5A5-8E6931F8AB3A}.Debug|Any CPU.Build.0 = Debug|Any CPU
		{E4FE3123-1295-4723-B5A5-8E6931F8AB3A}.Release|Any CPU.ActiveCfg = Release|Any CPU
		{E4FE3123-1295-4723-B5A5-8E6931F8AB3A}.Release|Any CPU.Build.0 = Release|Any CPU
		{7EC4C645-EDE2-4422-92D0-FEB407DC8B8A}.Debug|Any CPU.ActiveCfg = Debug|Any CPU
		{7EC4C645-EDE2-4422-92D0-FEB407DC8B8A}.Debug|Any CPU.Build.0 = Debug|Any CPU
		{7EC4C645-EDE2-4422-92D0-FEB407DC8B8A}.Release|Any CPU.ActiveCfg = Release|Any CPU
		{7EC4C645-EDE2-4422-92D0-FEB407DC8B8A}.Release|Any CPU.Build.0 = Release|Any CPU
	EndGlobalSection
	GlobalSection(NestedProjects) = preSolution
		{58649CE8-8616-439D-9596-86A6375CF0B7} = {CF1DE2D1-EDC2-4019-8154-0DE6072E7C45}
		{3F947FFB-F100-40DA-A7CE-7661E57A7542} = {CF1DE2D1-EDC2-4019-8154-0DE6072E7C45}
		{13844F65-93AC-46F1-8495-5AF0BC84C0E2} = {CF1DE2D1-EDC2-4019-8154-0DE6072E7C45}
		{EBC87EB2-DA4F-47B8-A954-2A910D6145FB} = {CF1DE2D1-EDC2-4019-8154-0DE6072E7C45}
		{74DE4F33-802C-4FD7-A82F-71B7F4306869} = {BAB3C505-BFE2-4A7C-BDDE-89758C9AA814}
		{E2F204DC-19E8-42E1-8AB0-6EC283E51331} = {BAB3C505-BFE2-4A7C-BDDE-89758C9AA814}
		{E4FE3123-1295-4723-B5A5-8E6931F8AB3A} = {BAB3C505-BFE2-4A7C-BDDE-89758C9AA814}
		{7EC4C645-EDE2-4422-92D0-FEB407DC8B8A} = {BAB3C505-BFE2-4A7C-BDDE-89758C9AA814}
	EndGlobalSection
EndGlobal
